
Microsoft Visual Studio Solution File, Format Version 12.00
# Visual Studio Version 17
VisualStudioVersion = 17.7.34018.315
MinimumVisualStudioVersion = 10.0.40219.1
Project("{FAE04EC0-301F-11D3-BF4B-00C04F79EFBC}") = "POO-2", "POO-2\POO-2.csproj", "{71D496DE-0E3F-4B8B-83FF-C872A9B45D46}"
EndProject
Global
	GlobalSection(SolutionConfigurationPlatforms) = preSolution
		Debug|Any CPU = Debug|Any CPU
		Release|Any CPU = Release|Any CPU
	EndGlobalSection
	GlobalSection(ProjectConfigurationPlatforms) = postSolution
		{71D496DE-0E3F-4B8B-83FF-C872A9B45D46}.Debug|Any CPU.ActiveCfg = Debug|Any CPU
		{71D496DE-0E3F-4B8B-83FF-C872A9B45D46}.Debug|Any CPU.Build.0 = Debug|Any CPU
		{71D496DE-0E3F-4B8B-83FF-C872A9B45D46}.Release|Any CPU.ActiveCfg = Release|Any CPU
		{71D496DE-0E3F-4B8B-83FF-C872A9B45D46}.Release|Any CPU.Build.0 = Release|Any CPU
	EndGlobalSection
	GlobalSection(SolutionProperties) = preSolution
		HideSolutionNode = FALSE
	EndGlobalSection
	GlobalSection(ExtensibilityGlobals) = postSolution
		SolutionGuid = {9ACEC713-75DC-4841-9066-8A2EC4A41E32}
	EndGlobalSection
EndGlobal
